
Microsoft Visual Studio Solution File, Format Version 12.00
# Visual Studio 15
VisualStudioVersion = 15.0.27703.2000
MinimumVisualStudioVersion = 10.0.40219.1
Project("{FAE04EC0-301F-11D3-BF4B-00C04F79EFBC}") = "App1.Android", "App1\App1.Android\App1.Android.csproj", "{53B51B02-D541-4B28-B493-D06A011F1CC2}"
EndProject
Project("{FAE04EC0-301F-11D3-BF4B-00C04F79EFBC}") = "App1.iOS", "App1\App1.iOS\App1.iOS.csproj", "{104404C3-8FDE-4560-9DAC-1A60027193FB}"
EndProject
Project("{FAE04EC0-301F-11D3-BF4B-00C04F79EFBC}") = "App1", "App1\App1\App1.csproj", "{C0373010-7E68-453F-ADF0-710FDF19CC0B}"
EndProject
Global
	GlobalSection(SolutionConfigurationPlatforms) = preSolution
		Ad-Hoc|Any CPU = Ad-Hoc|Any CPU
		Ad-Hoc|iPhone = Ad-Hoc|iPhone
		Ad-Hoc|iPhoneSimulator = Ad-Hoc|iPhoneSimulator
		AppStore|Any CPU = AppStore|Any CPU
		AppStore|iPhone = AppStore|iPhone
		AppStore|iPhoneSimulator = AppStore|iPhoneSimulator
		Debug|Any CPU = Debug|Any CPU
		Debug|iPhone = Debug|iPhone
		Debug|iPhoneSimulator = Debug|iPhoneSimulator
		Release|Any CPU = Release|Any CPU
		Release|iPhone = Release|iPhone
		Release|iPhoneSimulator = Release|iPhoneSimulator
	EndGlobalSection
	GlobalSection(ProjectConfigurationPlatforms) = postSolution
		{53B51B02-D541-4B28-B493-D06A011F1CC2}.Ad-Hoc|Any CPU.ActiveCfg = Release|Any CPU
		{53B51B02-D541-4B28-B493-D06A011F1CC2}.Ad-Hoc|Any CPU.Build.0 = Release|Any CPU
		{53B51B02-D541-4B28-B493-D06A011F1CC2}.Ad-Hoc|Any CPU.Deploy.0 = Release|Any CPU
		{53B51B02-D541-4B28-B493-D06A011F1CC2}.Ad-Hoc|iPhone.ActiveCfg = Release|Any CPU
		{53B51B02-D541-4B28-B493-D06A011F1CC2}.Ad-Hoc|iPhone.Build.0 = Release|Any CPU
		{53B51B02-D541-4B28-B493-D06A011F1CC2}.Ad-Hoc|iPhone.Deploy.0 = Release|Any CPU
		{53B51B02-D541-4B28-B493-D06A011F1CC2}.Ad-Hoc|iPhoneSimulator.ActiveCfg = Release|Any CPU
		{53B51B02-D541-4B28-B493-D06A011F1CC2}.Ad-Hoc|iPhoneSimulator.Build.0 = Release|Any CPU
		{53B51B02-D541-4B28-B493-D06A011F1CC2}.Ad-Hoc|iPhoneSimulator.Deploy.0 = Release|Any CPU
		{53B51B02-D541-4B28-B493-D06A011F1CC2}.AppStore|Any CPU.ActiveCfg = Release|Any CPU
		{53B51B02-D541-4B28-B493-D06A011F1CC2}.AppStore|Any CPU.Build.0 = Release|Any CPU
		{53B51B02-D541-4B28-B493-D06A011F1CC2}.AppStore|Any CPU.Deploy.0 = Release|Any CPU
		{53B51B02-D541-4B28-B493-D06A011F1CC2}.AppStore|iPhone.ActiveCfg = Release|Any CPU
		{53B51B02-D541-4B28-B493-D06A011F1CC2}.AppStore|iPhone.Build.0 = Release|Any CPU
		{53B51B02-D541-4B28-B493-D06A011F1CC2}.AppStore|iPhone.Deploy.0 = Release|Any CPU
		{53B51B02-D541-4B28-B493-D06A011F1CC2}.AppStore|iPhoneSimulator.ActiveCfg = Release|Any CPU
		{53B51B02-D541-4B28-B493-D06A011F1CC2}.AppStore|iPhoneSimulator.Build.0 = Release|Any CPU
		{53B51B02-D541-4B28-B493-D06A011F1CC2}.AppStore|iPhoneSimulator.Deploy.0 = Release|Any CPU
		{53B51B02-D541-4B28-B493-D06A011F1CC2}.Debug|Any CPU.ActiveCfg = Debug|Any CPU
		{53B51B02-D541-4B28-B493-D06A011F1CC2}.Debug|Any CPU.Build.0 = Debug|Any CPU
		{53B51B02-D541-4B28-B493-D06A011F1CC2}.Debug|Any CPU.Deploy.0 = Debug|Any CPU
		{53B51B02-D541-4B28-B493-D06A011F1CC2}.Debug|iPhone.ActiveCfg = Debug|Any CPU
		{53B51B02-D541-4B28-B493-D06A011F1CC2}.Debug|iPhone.Build.0 = Debug|Any CPU
		{53B51B02-D541-4B28-B493-D06A011F1CC2}.Debug|iPhone.Deploy.0 = Debug|Any CPU
		{53B51B02-D541-4B28-B493-D06A011F1CC2}.Debug|iPhoneSimulator.ActiveCfg = Debug|Any CPU
		{53B51B02-D541-4B28-B493-D06A011F1CC2}.Debug|iPhoneSimulator.Build.0 = Debug|Any CPU
		{53B51B02-D541-4B28-B493-D06A011F1CC2}.Debug|iPhoneSimulator.Deploy.0 = Debug|Any CPU
		{53B51B02-D541-4B28-B493-D06A011F1CC2}.Release|Any CPU.ActiveCfg = Release|Any CPU
		{53B51B02-D541-4B28-B493-D06A011F1CC2}.Release|Any CPU.Build.0 = Release|Any CPU
		{53B51B02-D541-4B28-B493-D06A011F1CC2}.Release|Any CPU.Deploy.0 = Release|Any CPU
		{53B51B02-D541-4B28-B493-D06A011F1CC2}.Release|iPhone.ActiveCfg = Release|Any CPU
		{53B51B02-D541-4B28-B493-D06A011F1CC2}.Release|iPhone.Build.0 = Release|Any CPU
		{53B51B02-D541-4B28-B493-D06A011F1CC2}.Release|iPhone.Deploy.0 = Release|Any CPU
		{53B51B02-D541-4B28-B493-D06A011F1CC2}.Release|iPhoneSimulator.ActiveCfg = Release|Any CPU
		{53B51B02-D541-4B28-B493-D06A011F1CC2}.Release|iPhoneSimulator.Build.0 = Release|Any CPU
		{53B51B02-D541-4B28-B493-D06A011F1CC2}.Release|iPhoneSimulator.Deploy.0 = Release|Any CPU
		{104404C3-8FDE-4560-9DAC-1A60027193FB}.Ad-Hoc|Any CPU.ActiveCfg = Ad-Hoc|iPhone
		{104404C3-8FDE-4560-9DAC-1A60027193FB}.Ad-Hoc|Any CPU.Build.0 = Ad-Hoc|iPhone
		{104404C3-8FDE-4560-9DAC-1A60027193FB}.Ad-Hoc|Any CPU.Deploy.0 = Ad-Hoc|iPhone
		{104404C3-8FDE-4560-9DAC-1A60027193FB}.Ad-Hoc|iPhone.ActiveCfg = Ad-Hoc|iPhone
		{104404C3-8FDE-4560-9DAC-1A60027193FB}.Ad-Hoc|iPhone.Build.0 = Ad-Hoc|iPhone
		{104404C3-8FDE-4560-9DAC-1A60027193FB}.Ad-Hoc|iPhone.Deploy.0 = Ad-Hoc|iPhone
		{104404C3-8FDE-4560-9DAC-1A60027193FB}.Ad-Hoc|iPhoneSimulator.ActiveCfg = Ad-Hoc|iPhoneSimulator
		{104404C3-8FDE-4560-9DAC-1A60027193FB}.Ad-Hoc|iPhoneSimulator.Build.0 = Ad-Hoc|iPhoneSimulator
		{104404C3-8FDE-4560-9DAC-1A60027193FB}.Ad-Hoc|iPhoneSimulator.Deploy.0 = Ad-Hoc|iPhoneSimulator
		{104404C3-8FDE-4560-9DAC-1A60027193FB}.AppStore|Any CPU.ActiveCfg = AppStore|iPhone
		{104404C3-8FDE-4560-9DAC-1A60027193FB}.AppStore|Any CPU.Build.0 = AppStore|iPhone
		{104404C3-8FDE-4560-9DAC-1A60027193FB}.AppStore|Any CPU.Deploy.0 = AppStore|iPhone
		{104404C3-8FDE-4560-9DAC-1A60027193FB}.AppStore|iPhone.ActiveCfg = AppStore|iPhone
		{104404C3-8FDE-4560-9DAC-1A60027193FB}.AppStore|iPhone.Build.0 = AppStore|iPhone
		{104404C3-8FDE-4560-9DAC-1A60027193FB}.AppStore|iPhone.Deploy.0 = AppStore|iPhone
		{104404C3-8FDE-4560-9DAC-1A60027193FB}.AppStore|iPhoneSimulator.ActiveCfg = AppStore|iPhoneSimulator
		{104404C3-8FDE-4560-9DAC-1A60027193FB}.AppStore|iPhoneSimulator.Build.0 = AppStore|iPhoneSimulator
		{104404C3-8FDE-4560-9DAC-1A60027193FB}.AppStore|iPhoneSimulator.Deploy.0 = AppStore|iPhoneSimulator
		{104404C3-8FDE-4560-9DAC-1A60027193FB}.Debug|Any CPU.ActiveCfg = Debug|iPhoneSimulator
		{104404C3-8FDE-4560-9DAC-1A60027193FB}.Debug|Any CPU.Build.0 = Debug|iPhoneSimulator
		{104404C3-8FDE-4560-9DAC-1A60027193FB}.Debug|Any CPU.Deploy.0 = Debug|iPhoneSimulator
		{104404C3-8FDE-4560-9DAC-1A60027193FB}.Debug|iPhone.ActiveCfg = Debug|iPhone
		{104404C3-8FDE-4560-9DAC-1A60027193FB}.Debug|iPhone.Build.0 = Debug|iPhone
		{104404C3-8FDE-4560-9DAC-1A60027193FB}.Debug|iPhone.Deploy.0 = Debug|iPhone
		{104404C3-8FDE-4560-9DAC-1A60027193FB}.Debug|iPhoneSimulator.ActiveCfg = Debug|iPhoneSimulator
		{104404C3-8FDE-4560-9DAC-1A60027193FB}.Debug|iPhoneSimulator.Build.0 = Debug|iPhoneSimulator
		{104404C3-8FDE-4560-9DAC-1A60027193FB}.Debug|iPhoneSimulator.Deploy.0 = Debug|iPhoneSimulator
		{104404C3-8FDE-4560-9DAC-1A60027193FB}.Release|Any CPU.ActiveCfg = Release|iPhone
		{104404C3-8FDE-4560-9DAC-1A60027193FB}.Release|Any CPU.Build.0 = Release|iPhone
		{104404C3-8FDE-4560-9DAC-1A60027193FB}.Release|Any CPU.Deploy.0 = Release|iPhone
		{104404C3-8FDE-4560-9DAC-1A60027193FB}.Release|iPhone.ActiveCfg = Release|iPhone
		{104404C3-8FDE-4560-9DAC-1A60027193FB}.Release|iPhone.Build.0 = Release|iPhone
		{104404C3-8FDE-4560-9DAC-1A60027193FB}.Release|iPhone.Deploy.0 = Release|iPhone
		{104404C3-8FDE-4560-9DAC-1A60027193FB}.Release|iPhoneSimulator.ActiveCfg = Release|iPhoneSimulator
		{104404C3-8FDE-4560-9DAC-1A60027193FB}.Release|iPhoneSimulator.Build.0 = Release|iPhoneSimulator
		{104404C3-8FDE-4560-9DAC-1A60027193FB}.Release|iPhoneSimulator.Deploy.0 = Release|iPhoneSimulator
		{C0373010-7E68-453F-ADF0-710FDF19CC0B}.Ad-Hoc|Any CPU.ActiveCfg = Debug|Any CPU
		{C0373010-7E68-453F-ADF0-710FDF19CC0B}.Ad-Hoc|Any CPU.Build.0 = Debug|Any CPU
		{C0373010-7E68-453F-ADF0-710FDF19CC0B}.Ad-Hoc|Any CPU.Deploy.0 = Debug|Any CPU
		{C0373010-7E68-453F-ADF0-710FDF19CC0B}.Ad-Hoc|iPhone.ActiveCfg = Debug|Any CPU
		{C0373010-7E68-453F-ADF0-710FDF19CC0B}.Ad-Hoc|iPhone.Build.0 = Debug|Any CPU
		{C0373010-7E68-453F-ADF0-710FDF19CC0B}.Ad-Hoc|iPhone.Deploy.0 = Debug|Any CPU
		{C0373010-7E68-453F-ADF0-710FDF19CC0B}.Ad-Hoc|iPhoneSimulator.ActiveCfg = Debug|Any CPU
		{C0373010-7E68-453F-ADF0-710FDF19CC0B}.Ad-Hoc|iPhoneSimulator.Build.0 = Debug|Any CPU
		{C0373010-7E68-453F-ADF0-710FDF19CC0B}.Ad-Hoc|iPhoneSimulator.Deploy.0 = Debug|Any CPU
		{C0373010-7E68-453F-ADF0-710FDF19CC0B}.AppStore|Any CPU.ActiveCfg = Debug|Any CPU
		{C0373010-7E68-453F-ADF0-710FDF19CC0B}.AppStore|Any CPU.Build.0 = Debug|Any CPU
		{C0373010-7E68-453F-ADF0-710FDF19CC0B}.AppStore|Any CPU.Deploy.0 = Debug|Any CPU
		{C0373010-7E68-453F-ADF0-710FDF19CC0B}.AppStore|iPhone.ActiveCfg = Debug|Any CPU
		{C0373010-7E68-453F-ADF0-710FDF19CC0B}.AppStore|iPhone.Build.0 = Debug|Any CPU
		{C0373010-7E68-453F-ADF0-710FDF19CC0B}.AppStore|iPhone.Deploy.0 = Debug|Any CPU
		{C0373010-7E68-453F-ADF0-710FDF19CC0B}.AppStore|iPhoneSimulator.ActiveCfg = Debug|Any CPU
		{C0373010-7E68-453F-ADF0-710FDF19CC0B}.AppStore|iPhoneSimulator.Build.0 = Debug|Any CPU
		{C0373010-7E68-453F-ADF0-710FDF19CC0B}.AppStore|iPhoneSimulator.Deploy.0 = Debug|Any CPU
		{C0373010-7E68-453F-ADF0-710FDF19CC0B}.Debug|Any CPU.ActiveCfg = Debug|Any CPU
		{C0373010-7E68-453F-ADF0-710FDF19CC0B}.Debug|Any CPU.Build.0 = Debug|Any CPU
		{C0373010-7E68-453F-ADF0-710FDF19CC0B}.Debug|Any CPU.Deploy.0 = Debug|Any CPU
		{C0373010-7E68-453F-ADF0-710FDF19CC0B}.Debug|iPhone.ActiveCfg = Debug|Any CPU
		{C0373010-7E68-453F-ADF0-710FDF19CC0B}.Debug|iPhone.Build.0 = Debug|Any CPU
		{C0373010-7E68-453F-ADF0-710FDF19CC0B}.Debug|iPhone.Deploy.0 = Debug|Any CPU
		{C0373010-7E68-453F-ADF0-710FDF19CC0B}.Debug|iPhoneSimulator.ActiveCfg = Debug|Any CPU
		{C0373010-7E68-453F-ADF0-710FDF19CC0B}.Debug|iPhoneSimulator.Build.0 = Debug|Any CPU
		{C0373010-7E68-453F-ADF0-710FDF19CC0B}.Debug|iPhoneSimulator.Deploy.0 = Debug|Any CPU
		{C0373010-7E68-453F-ADF0-710FDF19CC0B}.Release|Any CPU.ActiveCfg = Release|Any CPU
		{C0373010-7E68-453F-ADF0-710FDF19CC0B}.Release|Any CPU.Build.0 = Release|Any CPU
		{C0373010-7E68-453F-ADF0-710FDF19CC0B}.Release|Any CPU.Deploy.0 = Release|Any CPU
		{C0373010-7E68-453F-ADF0-710FDF19CC0B}.Release|iPhone.ActiveCfg = Release|Any CPU
		{C0373010-7E68-453F-ADF0-710FDF19CC0B}.Release|iPhone.Build.0 = Release|Any CPU
		{C0373010-7E68-453F-ADF0-710FDF19CC0B}.Release|iPhone.Deploy.0 = Release|Any CPU
		{C0373010-7E68-453F-ADF0-710FDF19CC0B}.Release|iPhoneSimulator.ActiveCfg = Release|Any CPU
		{C0373010-7E68-453F-ADF0-710FDF19CC0B}.Release|iPhoneSimulator.Build.0 = Release|Any CPU
		{C0373010-7E68-453F-ADF0-710FDF19CC0B}.Release|iPhoneSimulator.Deploy.0 = Release|Any CPU
	EndGlobalSection
	GlobalSection(SolutionProperties) = preSolution
		HideSolutionNode = FALSE
	EndGlobalSection
	GlobalSection(ExtensibilityGlobals) = postSolution
		SolutionGuid = {7B8B33A6-658F-4E07-94FC-130E2AC675C0}
	EndGlobalSection
EndGlobal
